
Microsoft Visual Studio Solution File, Format Version 12.00
# Visual Studio Version 17
VisualStudioVersion = 17.0.31903.59
MinimumVisualStudioVersion = 10.0.40219.1
Project("{FAE04EC0-301F-11D3-BF4B-00C04F79EFBC}") = "Coordinator", "Coordinator\Coordinator.csproj", "{F610274F-0985-4639-996A-B41E04EDC174}"
EndProject
Project("{FAE04EC0-301F-11D3-BF4B-00C04F79EFBC}") = "Order.API", "Order.API\Order.API.csproj", "{E2068155-E77E-48EE-9513-54749FA97C04}"
EndProject
Project("{FAE04EC0-301F-11D3-BF4B-00C04F79EFBC}") = "Stock.API", "Stock.API\Stock.API.csproj", "{F4D4FA94-DB9D-4E16-BA2E-863586579660}"
EndProject
Project("{FAE04EC0-301F-11D3-BF4B-00C04F79EFBC}") = "Payment.API", "Payment.API\Payment.API.csproj", "{CB7A9BDE-ECAF-4721-B08D-F239D824C026}"
EndProject
Global
	GlobalSection(SolutionConfigurationPlatforms) = preSolution
		Debug|Any CPU = Debug|Any CPU
		Release|Any CPU = Release|Any CPU
	EndGlobalSection
	GlobalSection(ProjectConfigurationPlatforms) = postSolution
		{F610274F-0985-4639-996A-B41E04EDC174}.Debug|Any CPU.ActiveCfg = Debug|Any CPU
		{F610274F-0985-4639-996A-B41E04EDC174}.Debug|Any CPU.Build.0 = Debug|Any CPU
		{F610274F-0985-4639-996A-B41E04EDC174}.Release|Any CPU.ActiveCfg = Release|Any CPU
		{F610274F-0985-4639-996A-B41E04EDC174}.Release|Any CPU.Build.0 = Release|Any CPU
		{E2068155-E77E-48EE-9513-54749FA97C04}.Debug|Any CPU.ActiveCfg = Debug|Any CPU
		{E2068155-E77E-48EE-9513-54749FA97C04}.Debug|Any CPU.Build.0 = Debug|Any CPU
		{E2068155-E77E-48EE-9513-54749FA97C04}.Release|Any CPU.ActiveCfg = Release|Any CPU
		{E2068155-E77E-48EE-9513-54749FA97C04}.Release|Any CPU.Build.0 = Release|Any CPU
		{F4D4FA94-DB9D-4E16-BA2E-863586579660}.Debug|Any CPU.ActiveCfg = Debug|Any CPU
		{F4D4FA94-DB9D-4E16-BA2E-863586579660}.Debug|Any CPU.Build.0 = Debug|Any CPU
		{F4D4FA94-DB9D-4E16-BA2E-863586579660}.Release|Any CPU.ActiveCfg = Release|Any CPU
		{F4D4FA94-DB9D-4E16-BA2E-863586579660}.Release|Any CPU.Build.0 = Release|Any CPU
		{CB7A9BDE-ECAF-4721-B08D-F239D824C026}.Debug|Any CPU.ActiveCfg = Debug|Any CPU
		{CB7A9BDE-ECAF-4721-B08D-F239D824C026}.Debug|Any CPU.Build.0 = Debug|Any CPU
		{CB7A9BDE-ECAF-4721-B08D-F239D824C026}.Release|Any CPU.ActiveCfg = Release|Any CPU
		{CB7A9BDE-ECAF-4721-B08D-F239D824C026}.Release|Any CPU.Build.0 = Release|Any CPU
	EndGlobalSection
	GlobalSection(SolutionProperties) = preSolution
		HideSolutionNode = FALSE
	EndGlobalSection
	GlobalSection(ExtensibilityGlobals) = postSolution
		SolutionGuid = {18D63682-2266-423A-A2BB-1080082C9978}
	EndGlobalSection
EndGlobal
